// !$*UTF8*$!
{
	archiveVersion = 1;
	classes = {
	};
	objectVersion = 46;
	objects = {

/* Begin PBXBuildFile section */
		50EC81D119406CDC00BC5DB9 /* AppDelegate.swift in Sources */ = {isa = PBXBuildFile; fileRef = 50EC81D019406CDC00BC5DB9 /* AppDelegate.swift */; };
		50EC81D319406CDC00BC5DB9 /* Images.xcassets in Resources */ = {isa = PBXBuildFile; fileRef = 50EC81D219406CDC00BC5DB9 /* Images.xcassets */; };
		50EC81DF19406CDC00BC5DB9 /* ACSJSONPathTests.swift in Sources */ = {isa = PBXBuildFile; fileRef = 50EC81DE19406CDC00BC5DB9 /* ACSJSONPathTests.swift */; };
		50EC81E919406F2F00BC5DB9 /* test.json in Resources */ = {isa = PBXBuildFile; fileRef = 50EC81E819406F2F00BC5DB9 /* test.json */; };
		50EC81EE19406F8700BC5DB9 /* RootViewController.swift in Sources */ = {isa = PBXBuildFile; fileRef = 50EC81ED19406F8700BC5DB9 /* RootViewController.swift */; };
		50EC81F019406FDE00BC5DB9 /* ACSJSONUtil.swift in Sources */ = {isa = PBXBuildFile; fileRef = 50EC81EF19406FDE00BC5DB9 /* ACSJSONUtil.swift */; };
		50EC81F219406FE800BC5DB9 /* ACSJSONPath.swift in Sources */ = {isa = PBXBuildFile; fileRef = 50EC81F119406FE800BC5DB9 /* ACSJSONPath.swift */; };
/* End PBXBuildFile section */

/* Begin PBXContainerItemProxy section */
		50EC81D919406CDC00BC5DB9 /* PBXContainerItemProxy */ = {
			isa = PBXContainerItemProxy;
			containerPortal = 50EC81C319406CDC00BC5DB9 /* Project object */;
			proxyType = 1;
			remoteGlobalIDString = 50EC81CA19406CDC00BC5DB9;
			remoteInfo = ACSJSONPath;
		};
/* End PBXContainerItemProxy section */

/* Begin PBXFileReference section */
		50EC81CB19406CDC00BC5DB9 /* ACSJSONPath.app */ = {isa = PBXFileReference; explicitFileType = wrapper.application; includeInIndex = 0; path = ACSJSONPath.app; sourceTree = BUILT_PRODUCTS_DIR; };
		50EC81CF19406CDC00BC5DB9 /* Info.plist */ = {isa = PBXFileReference; lastKnownFileType = text.plist.xml; path = Info.plist; sourceTree = "<group>"; };
		50EC81D019406CDC00BC5DB9 /* AppDelegate.swift */ = {isa = PBXFileReference; lastKnownFileType = sourcecode.swift; path = AppDelegate.swift; sourceTree = "<group>"; };
		50EC81D219406CDC00BC5DB9 /* Images.xcassets */ = {isa = PBXFileReference; lastKnownFileType = folder.assetcatalog; path = Images.xcassets; sourceTree = "<group>"; };
		50EC81D819406CDC00BC5DB9 /* ACSJSONPathTests.xctest */ = {isa = PBXFileReference; explicitFileType = wrapper.cfbundle; includeInIndex = 0; path = ACSJSONPathTests.xctest; sourceTree = BUILT_PRODUCTS_DIR; };
		50EC81DD19406CDC00BC5DB9 /* Info.plist */ = {isa = PBXFileReference; lastKnownFileType = text.plist.xml; path = Info.plist; sourceTree = "<group>"; };
		50EC81DE19406CDC00BC5DB9 /* ACSJSONPathTests.swift */ = {isa = PBXFileReference; lastKnownFileType = sourcecode.swift; path = ACSJSONPathTests.swift; sourceTree = "<group>"; };
		50EC81E819406F2F00BC5DB9 /* test.json */ = {isa = PBXFileReference; fileEncoding = 4; lastKnownFileType = text.json; path = test.json; sourceTree = "<group>"; };
		50EC81ED19406F8700BC5DB9 /* RootViewController.swift */ = {isa = PBXFileReference; fileEncoding = 4; lastKnownFileType = sourcecode.swift; path = RootViewController.swift; sourceTree = "<group>"; };
		50EC81EF19406FDE00BC5DB9 /* ACSJSONUtil.swift */ = {isa = PBXFileReference; fileEncoding = 4; lastKnownFileType = sourcecode.swift; path = ACSJSONUtil.swift; sourceTree = "<group>"; };
		50EC81F119406FE800BC5DB9 /* ACSJSONPath.swift */ = {isa = PBXFileReference; fileEncoding = 4; lastKnownFileType = sourcecode.swift; path = ACSJSONPath.swift; sourceTree = "<group>"; };
/* End PBXFileReference section */

/* Begin PBXFrameworksBuildPhase section */
		50EC81C819406CDC00BC5DB9 /* Frameworks */ = {
			isa = PBXFrameworksBuildPhase;
			buildActionMask = 2147483647;
			files = (
			);
			runOnlyForDeploymentPostprocessing = 0;
		};
		50EC81D519406CDC00BC5DB9 /* Frameworks */ = {
			isa = PBXFrameworksBuildPhase;
			buildActionMask = 2147483647;
			files = (
			);
			runOnlyForDeploymentPostprocessing = 0;
		};
/* End PBXFrameworksBuildPhase section */

/* Begin PBXGroup section */
		50EC81C219406CDC00BC5DB9 = {
			isa = PBXGroup;
			children = (
				50EC81CD19406CDC00BC5DB9 /* ACSJSONPath */,
				50EC81DB19406CDC00BC5DB9 /* ACSJSONPathTests */,
				50EC81CC19406CDC00BC5DB9 /* Products */,
			);
			sourceTree = "<group>";
		};
		50EC81CC19406CDC00BC5DB9 /* Products */ = {
			isa = PBXGroup;
			children = (
				50EC81CB19406CDC00BC5DB9 /* ACSJSONPath.app */,
				50EC81D819406CDC00BC5DB9 /* ACSJSONPathTests.xctest */,
			);
			name = Products;
			sourceTree = "<group>";
		};
		50EC81CD19406CDC00BC5DB9 /* ACSJSONPath */ = {
			isa = PBXGroup;
			children = (
				50EC81EA19406F4600BC5DB9 /* Vendor */,
				50EC81D019406CDC00BC5DB9 /* AppDelegate.swift */,
				50EC81ED19406F8700BC5DB9 /* RootViewController.swift */,
				50EC81E819406F2F00BC5DB9 /* test.json */,
				50EC81D219406CDC00BC5DB9 /* Images.xcassets */,
				50EC81CE19406CDC00BC5DB9 /* Supporting Files */,
			);
			path = ACSJSONPath;
			sourceTree = "<group>";
		};
		50EC81CE19406CDC00BC5DB9 /* Supporting Files */ = {
			isa = PBXGroup;
			children = (
				50EC81CF19406CDC00BC5DB9 /* Info.plist */,
			);
			name = "Supporting Files";
			sourceTree = "<group>";
		};
		50EC81DB19406CDC00BC5DB9 /* ACSJSONPathTests */ = {
			isa = PBXGroup;
			children = (
				50EC81DE19406CDC00BC5DB9 /* ACSJSONPathTests.swift */,
				50EC81DC19406CDC00BC5DB9 /* Supporting Files */,
			);
			path = ACSJSONPathTests;
			sourceTree = "<group>";
		};
		50EC81DC19406CDC00BC5DB9 /* Supporting Files */ = {
			isa = PBXGroup;
			children = (
				50EC81DD19406CDC00BC5DB9 /* Info.plist */,
			);
			name = "Supporting Files";
			sourceTree = "<group>";
		};
		50EC81EA19406F4600BC5DB9 /* Vendor */ = {
			isa = PBXGroup;
			children = (
				50EC81EB19406F4600BC5DB9 /* ACSJSONPath */,
				50EC81EC19406F4600BC5DB9 /* ACSJSONUtil */,
			);
			path = Vendor;
			sourceTree = "<group>";
		};
		50EC81EB19406F4600BC5DB9 /* ACSJSONPath */ = {
			isa = PBXGroup;
			children = (
				50EC81F119406FE800BC5DB9 /* ACSJSONPath.swift */,
			);
			path = ACSJSONPath;
			sourceTree = "<group>";
		};
		50EC81EC19406F4600BC5DB9 /* ACSJSONUtil */ = {
			isa = PBXGroup;
			children = (
				50EC81EF19406FDE00BC5DB9 /* ACSJSONUtil.swift */,
			);
			path = ACSJSONUtil;
			sourceTree = "<group>";
		};
/* End PBXGroup section */

/* Begin PBXNativeTarget section */
		50EC81CA19406CDC00BC5DB9 /* ACSJSONPath */ = {
			isa = PBXNativeTarget;
			buildConfigurationList = 50EC81E219406CDC00BC5DB9 /* Build configuration list for PBXNativeTarget "ACSJSONPath" */;
			buildPhases = (
				50EC81C719406CDC00BC5DB9 /* Sources */,
				50EC81C819406CDC00BC5DB9 /* Frameworks */,
				50EC81C919406CDC00BC5DB9 /* Resources */,
			);
			buildRules = (
			);
			dependencies = (
			);
			name = ACSJSONPath;
			productName = ACSJSONPath;
			productReference = 50EC81CB19406CDC00BC5DB9 /* ACSJSONPath.app */;
			productType = "com.apple.product-type.application";
		};
		50EC81D719406CDC00BC5DB9 /* ACSJSONPathTests */ = {
			isa = PBXNativeTarget;
			buildConfigurationList = 50EC81E519406CDC00BC5DB9 /* Build configuration list for PBXNativeTarget "ACSJSONPathTests" */;
			buildPhases = (
				50EC81D419406CDC00BC5DB9 /* Sources */,
				50EC81D519406CDC00BC5DB9 /* Frameworks */,
				50EC81D619406CDC00BC5DB9 /* Resources */,
			);
			buildRules = (
			);
			dependencies = (
				50EC81DA19406CDC00BC5DB9 /* PBXTargetDependency */,
			);
			name = ACSJSONPathTests;
			productName = ACSJSONPathTests;
			productReference = 50EC81D819406CDC00BC5DB9 /* ACSJSONPathTests.xctest */;
			productType = "com.apple.product-type.bundle.unit-test";
		};
/* End PBXNativeTarget section */

/* Begin PBXProject section */
		50EC81C319406CDC00BC5DB9 /* Project object */ = {
			isa = PBXProject;
			attributes = {
				LastUpgradeCheck = 0600;
				ORGANIZATIONNAME = "Albert Chu";
				TargetAttributes = {
					50EC81CA19406CDC00BC5DB9 = {
						CreatedOnToolsVersion = 6.0;
					};
					50EC81D719406CDC00BC5DB9 = {
						CreatedOnToolsVersion = 6.0;
						TestTargetID = 50EC81CA19406CDC00BC5DB9;
					};
				};
			};
			buildConfigurationList = 50EC81C619406CDC00BC5DB9 /* Build configuration list for PBXProject "ACSJSONPath" */;
			compatibilityVersion = "Xcode 3.2";
			developmentRegion = English;
			hasScannedForEncodings = 0;
			knownRegions = (
				en,
			);
			mainGroup = 50EC81C219406CDC00BC5DB9;
			productRefGroup = 50EC81CC19406CDC00BC5DB9 /* Products */;
			projectDirPath = "";
			projectRoot = "";
			targets = (
				50EC81CA19406CDC00BC5DB9 /* ACSJSONPath */,
				50EC81D719406CDC00BC5DB9 /* ACSJSONPathTests */,
			);
		};
/* End PBXProject section */

/* Begin PBXResourcesBuildPhase section */
		50EC81C919406CDC00BC5DB9 /* Resources */ = {
			isa = PBXResourcesBuildPhase;
			buildActionMask = 2147483647;
			files = (
				50EC81D319406CDC00BC5DB9 /* Images.xcassets in Resources */,
				50EC81E919406F2F00BC5DB9 /* test.json in Resources */,
			);
			runOnlyForDeploymentPostprocessing = 0;
		};
		50EC81D619406CDC00BC5DB9 /* Resources */ = {
			isa = PBXResourcesBuildPhase;
			buildActionMask = 2147483647;
			files = (
			);
			runOnlyForDeploymentPostprocessing = 0;
		};
/* End PBXResourcesBuildPhase section */

/* Begin PBXSourcesBuildPhase section */
		50EC81C719406CDC00BC5DB9 /* Sources */ = {
			isa = PBXSourcesBuildPhase;
			buildActionMask = 2147483647;
			files = (
				50EC81EE19406F8700BC5DB9 /* RootViewController.swift in Sources */,
				50EC81F019406FDE00BC5DB9 /* ACSJSONUtil.swift in Sources */,
				50EC81F219406FE800BC5DB9 /* ACSJSONPath.swift in Sources */,
				50EC81D119406CDC00BC5DB9 /* AppDelegate.swift in Sources */,
			);
			runOnlyForDeploymentPostprocessing = 0;
		};
		50EC81D419406CDC00BC5DB9 /* Sources */ = {
			isa = PBXSourcesBuildPhase;
			buildActionMask = 2147483647;
			files = (
				50EC81DF19406CDC00BC5DB9 /* ACSJSONPathTests.swift in Sources */,
			);
			runOnlyForDeploymentPostprocessing = 0;
		};
/* End PBXSourcesBuildPhase section */

/* Begin PBXTargetDependency section */
		50EC81DA19406CDC00BC5DB9 /* PBXTargetDependency */ = {
			isa = PBXTargetDependency;
			target = 50EC81CA19406CDC00BC5DB9 /* ACSJSONPath */;
			targetProxy = 50EC81D919406CDC00BC5DB9 /* PBXContainerItemProxy */;
		};
/* End PBXTargetDependency section */

/* Begin XCBuildConfiguration section */
		50EC81E019406CDC00BC5DB9 /* Debug */ = {
			isa = XCBuildConfiguration;
			buildSettings = {
				ALWAYS_SEARCH_USER_PATHS = NO;
				CLANG_CXX_LANGUAGE_STANDARD = "gnu++0x";
				CLANG_CXX_LIBRARY = "libc++";
				CLANG_ENABLE_MODULES = YES;
				CLANG_ENABLE_OBJC_ARC = YES;
				CLANG_WARN_BOOL_CONVERSION = YES;
				CLANG_WARN_CONSTANT_CONVERSION = YES;
				CLANG_WARN_DIRECT_OBJC_ISA_USAGE = YES_ERROR;
				CLANG_WARN_EMPTY_BODY = YES;
				CLANG_WARN_ENUM_CONVERSION = YES;
				CLANG_WARN_INT_CONVERSION = YES;
				CLANG_WARN_OBJC_ROOT_CLASS = YES_ERROR;
				CLANG_WARN_UNREACHABLE_CODE = YES;
				CLANG_WARN__DUPLICATE_METHOD_MATCH = YES;
				"CODE_SIGN_IDENTITY[sdk=iphoneos*]" = "iPhone Developer";
				COPY_PHASE_STRIP = NO;
				ENABLE_STRICT_OBJC_MSGSEND = YES;
				GCC_C_LANGUAGE_STANDARD = gnu99;
				GCC_DYNAMIC_NO_PIC = NO;
				GCC_OPTIMIZATION_LEVEL = 0;
				GCC_PREPROCESSOR_DEFINITIONS = (
					"DEBUG=1",
					"$(inherited)",
				);
				GCC_SYMBOLS_PRIVATE_EXTERN = NO;
				GCC_WARN_64_TO_32_BIT_CONVERSION = YES;
				GCC_WARN_ABOUT_RETURN_TYPE = YES_ERROR;
				GCC_WARN_UNDECLARED_SELECTOR = YES;
				GCC_WARN_UNINITIALIZED_AUTOS = YES_AGGRESSIVE;
				GCC_WARN_UNUSED_FUNCTION = YES;
				GCC_WARN_UNUSED_VARIABLE = YES;
				IPHONEOS_DEPLOYMENT_TARGET = 8.0;
				METAL_ENABLE_DEBUG_INFO = YES;
				ONLY_ACTIVE_ARCH = YES;
				SDKROOT = iphoneos;
				SWIFT_OPTIMIZATION_LEVEL = "-Onone";
			};
			name = Debug;
		};
		50EC81E119406CDC00BC5DB9 /* Release */ = {
			isa = XCBuildConfiguration;
			buildSettings = {
				ALWAYS_SEARCH_USER_PATHS = NO;
				CLANG_CXX_LANGUAGE_STANDARD = "gnu++0x";
				CLANG_CXX_LIBRARY = "libc++";
				CLANG_ENABLE_MODULES = YES;
				CLANG_ENABLE_OBJC_ARC = YES;
				CLANG_WARN_BOOL_CONVERSION = YES;
				CLANG_WARN_CONSTANT_CONVERSION = YES;
				CLANG_WARN_DIRECT_OBJC_ISA_USAGE = YES_ERROR;
				CLANG_WARN_EMPTY_BODY = YES;
				CLANG_WARN_ENUM_CONVERSION = YES;
				CLANG_WARN_INT_CONVERSION = YES;
				CLANG_WARN_OBJC_ROOT_CLASS = YES_ERROR;
				CLANG_WARN_UNREACHABLE_CODE = YES;
				CLANG_WARN__DUPLICATE_METHOD_MATCH = YES;
				"CODE_SIGN_IDENTITY[sdk=iphoneos*]" = "iPhone Developer";
				COPY_PHASE_STRIP = YES;
				ENABLE_NS_ASSERTIONS = NO;
				ENABLE_STRICT_OBJC_MSGSEND = YES;
				GCC_C_LANGUAGE_STANDARD = gnu99;
				GCC_WARN_64_TO_32_BIT_CONVERSION = YES;
				GCC_WARN_ABOUT_RETURN_TYPE = YES_ERROR;
				GCC_WARN_UNDECLARED_SELECTOR = YES;
				GCC_WARN_UNINITIALIZED_AUTOS = YES_AGGRESSIVE;
				GCC_WARN_UNUSED_FUNCTION = YES;
				GCC_WARN_UNUSED_VARIABLE = YES;
				IPHONEOS_DEPLOYMENT_TARGET = 8.0;
				METAL_ENABLE_DEBUG_INFO = NO;
				SDKROOT = iphoneos;
				VALIDATE_PRODUCT = YES;
			};
			name = Release;
		};
		50EC81E319406CDC00BC5DB9 /* Debug */ = {
			isa = XCBuildConfiguration;
			buildSettings = {
				ASSETCATALOG_COMPILER_APPICON_NAME = AppIcon;
				ASSETCATALOG_COMPILER_LAUNCHIMAGE_NAME = LaunchImage;
				INFOPLIST_FILE = ACSJSONPath/Info.plist;
				LD_RUNPATH_SEARCH_PATHS = "$(inherited) @executable_path/Frameworks";
				PRODUCT_NAME = "$(TARGET_NAME)";
			};
			name = Debug;
		};
		50EC81E419406CDC00BC5DB9 /* Release */ = {
			isa = XCBuildConfiguration;
			buildSettings = {
				ASSETCATALOG_COMPILER_APPICON_NAME = AppIcon;
				ASSETCATALOG_COMPILER_LAUNCHIMAGE_NAME = LaunchImage;
				INFOPLIST_FILE = ACSJSONPath/Info.plist;
				LD_RUNPATH_SEARCH_PATHS = "$(inherited) @executable_path/Frameworks";
				PRODUCT_NAME = "$(TARGET_NAME)";
			};
			name = Release;
		};
		50EC81E619406CDC00BC5DB9 /* Debug */ = {
			isa = XCBuildConfiguration;
			buildSettings = {
				BUNDLE_LOADER = "$(BUILT_PRODUCTS_DIR)/ACSJSONPath.app/ACSJSONPath";
				FRAMEWORK_SEARCH_PATHS = (
					"$(SDKROOT)/Developer/Library/Frameworks",
					"$(inherited)",
				);
				GCC_PREPROCESSOR_DEFINITIONS = (
					"DEBUG=1",
					"$(inherited)",
				);
				INFOPLIST_FILE = ACSJSONPathTests/Info.plist;
				LD_RUNPATH_SEARCH_PATHS = "$(inherited) @executable_path/Frameworks @loader_path/Frameworks";
				METAL_ENABLE_DEBUG_INFO = YES;
				PRODUCT_NAME = "$(TARGET_NAME)";
				TEST_HOST = "$(BUNDLE_LOADER)";
			};
			name = Debug;
		};
		50EC81E719406CDC00BC5DB9 /* Release */ = {
			isa = XCBuildConfiguration;
			buildSettings = {
				BUNDLE_LOADER = "$(BUILT_PRODUCTS_DIR)/ACSJSONPath.app/ACSJSONPath";
				FRAMEWORK_SEARCH_PATHS = (
					"$(SDKROOT)/Developer/Library/Frameworks",
					"$(inherited)",
				);
				INFOPLIST_FILE = ACSJSONPathTests/Info.plist;
				LD_RUNPATH_SEARCH_PATHS = "$(inherited) @executable_path/Frameworks @loader_path/Frameworks";
				METAL_ENABLE_DEBUG_INFO = NO;
				PRODUCT_NAME = "$(TARGET_NAME)";
				TEST_HOST = "$(BUNDLE_LOADER)";
			};
			name = Release;
		};
/* End XCBuildConfiguration section */

/* Begin XCConfigurationList section */
		50EC81C619406CDC00BC5DB9 /* Build configuration list for PBXProject "ACSJSONPath" */ = {
			isa = XCConfigurationList;
			buildConfigurations = (
				50EC81E019406CDC00BC5DB9 /* Debug */,
				50EC81E119406CDC00BC5DB9 /* Release */,
			);
			defaultConfigurationIsVisible = 0;
			defaultConfigurationName = Release;
		};
		50EC81E219406CDC00BC5DB9 /* Build configuration list for PBXNativeTarget "ACSJSONPath" */ = {
			isa = XCConfigurationList;
			buildConfigurations = (
				50EC81E319406CDC00BC5DB9 /* Debug */,
				50EC81E419406CDC00BC5DB9 /* Release */,
			);
			defaultConfigurationIsVisible = 0;
			defaultConfigurationName = Release;
		};
		50EC81E519406CDC00BC5DB9 /* Build configuration list for PBXNativeTarget "ACSJSONPathTests" */ = {
			isa = XCConfigurationList;
			buildConfigurations = (
				50EC81E619406CDC00BC5DB9 /* Debug */,
				50EC81E719406CDC00BC5DB9 /* Release */,
			);
			defaultConfigurationIsVisible = 0;
			defaultConfigurationName = Release;
		};
/* End XCConfigurationList section */
	};
	rootObject = 50EC81C319406CDC00BC5DB9 /* Project object */;
}
